{
  "name": "interactive-card-details-form-main",
  "lockfileVersion": 2,
  "requires": true,
  "packages": {
    "": {
      "dependencies": {
        "credit-card-input-mask": "^3.0.0",
        "imask": "^7.1.3",
        "ts-input-mask": "^2.2.0"
      }
    },
    "node_modules/@babel/runtime-corejs3": {
      "version": "7.23.1",
      "resolved": "https://registry.npmjs.org/@babel/runtime-corejs3/-/runtime-corejs3-7.23.1.tgz",
      "integrity": "sha512-OKKfytwoc0tr7cDHwQm0RLVR3y+hDGFz3EPuvLNU/0fOeXJeKNIHj7ffNVFnncWt3sC58uyUCRSzf8nBQbyF6A==",
      "dependencies": {
        "core-js-pure": "^3.30.2",
        "regenerator-runtime": "^0.14.0"
      },
      "engines": {
        "node": ">=6.9.0"
      }
    },
    "node_modules/@braintree/browser-detection": {
      "version": "1.17.2",
      "resolved": "https://registry.npmjs.org/@braintree/browser-detection/-/browser-detection-1.17.2.tgz",
      "integrity": "sha512-DdEX09uYs6kHwGt4cbONlxlta/0hfmrDUncP6EtfZxFVywNF9LeRUyon+2LihJTbqgSnGqz9ZL450hkqBd6oSw=="
    },
    "node_modules/core-js-pure": {
      "version": "3.32.2",
      "resolved": "https://registry.npmjs.org/core-js-pure/-/core-js-pure-3.32.2.tgz",
      "integrity": "sha512-Y2rxThOuNywTjnX/PgA5vWM6CZ9QB9sz9oGeCixV8MqXZO70z/5SHzf9EeBrEBK0PN36DnEBBu9O/aGWzKuMZQ==",
      "hasInstallScript": true,
      "funding": {
        "type": "opencollective",
        "url": "https://opencollective.com/core-js"
      }
    },
    "node_modules/credit-card-input-mask": {
      "version": "3.0.0",
      "resolved": "https://registry.npmjs.org/credit-card-input-mask/-/credit-card-input-mask-3.0.0.tgz",
      "integrity": "sha512-lkXbGVkLy9Q/S8aw8f1i1VQNrJSKoLdVllrWPhb/do8gQtJkwG1vI6C5MIUtWlCYEZgiMXynVscV6qAdcZIsdA==",
      "dependencies": {
        "@braintree/browser-detection": "^1.11.1"
      }
    },
    "node_modules/imask": {
      "version": "7.1.3",
      "resolved": "https://registry.npmjs.org/imask/-/imask-7.1.3.tgz",
      "integrity": "sha512-jZCqTI5Jgukhl2ff+znBQd8BiHOTlnFYCIgggzHYDdoJsHmSSWr1BaejcYBxsjy4ZIs8Rm0HhbOxQcobcdESRQ==",
      "dependencies": {
        "@babel/runtime-corejs3": "^7.22.6"
      },
      "engines": {
        "npm": ">=4.0.0"
      }
    },
    "node_modules/regenerator-runtime": {
      "version": "0.14.0",
      "resolved": "https://registry.npmjs.org/regenerator-runtime/-/regenerator-runtime-0.14.0.tgz",
      "integrity": "sha512-srw17NI0TUWHuGa5CFGGmhfNIeja30WMBfbslPNhf6JrqQlLN5gcrvig1oqPxiVaXb0oW0XRKtH6Nngs5lKCIA=="
    },
    "node_modules/ts-input-mask": {
      "version": "2.2.0",
      "resolved": "https://registry.npmjs.org/ts-input-mask/-/ts-input-mask-2.2.0.tgz",
      "integrity": "sha512-mnELdYqyxs6ZhBh2jFGupECXdLrBjHXaIxLBRAw/iekKzbud8ugLNlRTjjUhquv9aKRtXaEZOCynOA/4sfHm4Q==",
      "dependencies": {
        "typescript": "3.7.5"
      }
    },
    "node_modules/typescript": {
      "version": "3.7.5",
      "resolved": "https://registry.npmjs.org/typescript/-/typescript-3.7.5.tgz",
      "integrity": "sha512-/P5lkRXkWHNAbcJIiHPfRoKqyd7bsyCma1hZNUGfn20qm64T6ZBlrzprymeu918H+mB/0rIg2gGK/BXkhhYgBw==",
      "bin": {
        "tsc": "bin/tsc",
        "tsserver": "bin/tsserver"
      },
      "engines": {
        "node": ">=4.2.0"
      }
    }
  },
  "dependencies": {
    "@babel/runtime-corejs3": {
      "version": "7.23.1",
      "resolved": "https://registry.npmjs.org/@babel/runtime-corejs3/-/runtime-corejs3-7.23.1.tgz",
      "integrity": "sha512-OKKfytwoc0tr7cDHwQm0RLVR3y+hDGFz3EPuvLNU/0fOeXJeKNIHj7ffNVFnncWt3sC58uyUCRSzf8nBQbyF6A==",
      "requires": {
        "core-js-pure": "^3.30.2",
        "regenerator-runtime": "^0.14.0"
      }
    },
    "@braintree/browser-detection": {
      "version": "1.17.2",
      "resolved": "https://registry.npmjs.org/@braintree/browser-detection/-/browser-detection-1.17.2.tgz",
      "integrity": "sha512-DdEX09uYs6kHwGt4cbONlxlta/0hfmrDUncP6EtfZxFVywNF9LeRUyon+2LihJTbqgSnGqz9ZL450hkqBd6oSw=="
    },
    "core-js-pure": {
      "version": "3.32.2",
      "resolved": "https://registry.npmjs.org/core-js-pure/-/core-js-pure-3.32.2.tgz",
      "integrity": "sha512-Y2rxThOuNywTjnX/PgA5vWM6CZ9QB9sz9oGeCixV8MqXZO70z/5SHzf9EeBrEBK0PN36DnEBBu9O/aGWzKuMZQ=="
    },
    "credit-card-input-mask": {
      "version": "3.0.0",
      "resolved": "https://registry.npmjs.org/credit-card-input-mask/-/credit-card-input-mask-3.0.0.tgz",
      "integrity": "sha512-lkXbGVkLy9Q/S8aw8f1i1VQNrJSKoLdVllrWPhb/do8gQtJkwG1vI6C5MIUtWlCYEZgiMXynVscV6qAdcZIsdA==",
      "requires": {
        "@braintree/browser-detection": "^1.11.1"
      }
    },
    "imask": {
      "version": "7.1.3",
      "resolved": "https://registry.npmjs.org/imask/-/imask-7.1.3.tgz",
      "integrity": "sha512-jZCqTI5Jgukhl2ff+znBQd8BiHOTlnFYCIgggzHYDdoJsHmSSWr1BaejcYBxsjy4ZIs8Rm0HhbOxQcobcdESRQ==",
      "requires": {
        "@babel/runtime-corejs3": "^7.22.6"
      }
    },
    "regenerator-runtime": {
      "version": "0.14.0",
      "resolved": "https://registry.npmjs.org/regenerator-runtime/-/regenerator-runtime-0.14.0.tgz",
      "integrity": "sha512-srw17NI0TUWHuGa5CFGGmhfNIeja30WMBfbslPNhf6JrqQlLN5gcrvig1oqPxiVaXb0oW0XRKtH6Nngs5lKCIA=="
    },
    "ts-input-mask": {
      "version": "2.2.0",
      "resolved": "https://registry.npmjs.org/ts-input-mask/-/ts-input-mask-2.2.0.tgz",
      "integrity": "sha512-mnELdYqyxs6ZhBh2jFGupECXdLrBjHXaIxLBRAw/iekKzbud8ugLNlRTjjUhquv9aKRtXaEZOCynOA/4sfHm4Q==",
      "requires": {
        "typescript": "3.7.5"
      }
    },
    "typescript": {
      "version": "3.7.5",
      "resolved": "https://registry.npmjs.org/typescript/-/typescript-3.7.5.tgz",
      "integrity": "sha512-/P5lkRXkWHNAbcJIiHPfRoKqyd7bsyCma1hZNUGfn20qm64T6ZBlrzprymeu918H+mB/0rIg2gGK/BXkhhYgBw=="
    }
  }
}
